
Microsoft Visual Studio Solution File, Format Version 12.00
# Visual Studio 15
VisualStudioVersion = 15.0.26430.14
MinimumVisualStudioVersion = 10.0.40219.1
Project("{FAE04EC0-301F-11D3-BF4B-00C04F79EFBC}") = "prjct4app.Android", "prjct4app\prjct4app.Android\prjct4app.Android.csproj", "{CF37D2B0-4234-446E-812C-79A9CDF10A27}"
EndProject
Project("{FAE04EC0-301F-11D3-BF4B-00C04F79EFBC}") = "prjct4app", "prjct4app\prjct4app\prjct4app.csproj", "{1002669B-0100-47DD-B5A6-D936BA566035}"
EndProject
Project("{FAE04EC0-301F-11D3-BF4B-00C04F79EFBC}") = "prjct4app.UWP", "prjct4app\prjct4app.UWP\prjct4app.UWP.csproj", "{EDA51C3E-792D-4330-BBB0-75270FDC8CE4}"
EndProject
Project("{FAE04EC0-301F-11D3-BF4B-00C04F79EFBC}") = "prjct4app.iOS", "prjct4app\prjct4app.iOS\prjct4app.iOS.csproj", "{8BCCA3B9-4164-4743-93E6-BC568DC8B6ED}"
EndProject
Global
	GlobalSection(SolutionConfigurationPlatforms) = preSolution
		Ad-Hoc|Any CPU = Ad-Hoc|Any CPU
		Ad-Hoc|ARM = Ad-Hoc|ARM
		Ad-Hoc|iPhone = Ad-Hoc|iPhone
		Ad-Hoc|iPhoneSimulator = Ad-Hoc|iPhoneSimulator
		Ad-Hoc|x64 = Ad-Hoc|x64
		Ad-Hoc|x86 = Ad-Hoc|x86
		AppStore|Any CPU = AppStore|Any CPU
		AppStore|ARM = AppStore|ARM
		AppStore|iPhone = AppStore|iPhone
		AppStore|iPhoneSimulator = AppStore|iPhoneSimulator
		AppStore|x64 = AppStore|x64
		AppStore|x86 = AppStore|x86
		Debug|Any CPU = Debug|Any CPU
		Debug|ARM = Debug|ARM
		Debug|iPhone = Debug|iPhone
		Debug|iPhoneSimulator = Debug|iPhoneSimulator
		Debug|x64 = Debug|x64
		Debug|x86 = Debug|x86
		Release|Any CPU = Release|Any CPU
		Release|ARM = Release|ARM
		Release|iPhone = Release|iPhone
		Release|iPhoneSimulator = Release|iPhoneSimulator
		Release|x64 = Release|x64
		Release|x86 = Release|x86
	EndGlobalSection
	GlobalSection(ProjectConfigurationPlatforms) = postSolution
		{CF37D2B0-4234-446E-812C-79A9CDF10A27}.Ad-Hoc|Any CPU.ActiveCfg = Release|Any CPU
		{CF37D2B0-4234-446E-812C-79A9CDF10A27}.Ad-Hoc|Any CPU.Build.0 = Release|Any CPU
		{CF37D2B0-4234-446E-812C-79A9CDF10A27}.Ad-Hoc|Any CPU.Deploy.0 = Release|Any CPU
		{CF37D2B0-4234-446E-812C-79A9CDF10A27}.Ad-Hoc|ARM.ActiveCfg = Release|Any CPU
		{CF37D2B0-4234-446E-812C-79A9CDF10A27}.Ad-Hoc|ARM.Build.0 = Release|Any CPU
		{CF37D2B0-4234-446E-812C-79A9CDF10A27}.Ad-Hoc|ARM.Deploy.0 = Release|Any CPU
		{CF37D2B0-4234-446E-812C-79A9CDF10A27}.Ad-Hoc|iPhone.ActiveCfg = Release|Any CPU
		{CF37D2B0-4234-446E-812C-79A9CDF10A27}.Ad-Hoc|iPhone.Build.0 = Release|Any CPU
		{CF37D2B0-4234-446E-812C-79A9CDF10A27}.Ad-Hoc|iPhone.Deploy.0 = Release|Any CPU
		{CF37D2B0-4234-446E-812C-79A9CDF10A27}.Ad-Hoc|iPhoneSimulator.ActiveCfg = Release|Any CPU
		{CF37D2B0-4234-446E-812C-79A9CDF10A27}.Ad-Hoc|iPhoneSimulator.Build.0 = Release|Any CPU
		{CF37D2B0-4234-446E-812C-79A9CDF10A27}.Ad-Hoc|iPhoneSimulator.Deploy.0 = Release|Any CPU
		{CF37D2B0-4234-446E-812C-79A9CDF10A27}.Ad-Hoc|x64.ActiveCfg = Release|Any CPU
		{CF37D2B0-4234-446E-812C-79A9CDF10A27}.Ad-Hoc|x64.Build.0 = Release|Any CPU
		{CF37D2B0-4234-446E-812C-79A9CDF10A27}.Ad-Hoc|x64.Deploy.0 = Release|Any CPU
		{CF37D2B0-4234-446E-812C-79A9CDF10A27}.Ad-Hoc|x86.ActiveCfg = Release|Any CPU
		{CF37D2B0-4234-446E-812C-79A9CDF10A27}.Ad-Hoc|x86.Build.0 = Release|Any CPU
		{CF37D2B0-4234-446E-812C-79A9CDF10A27}.Ad-Hoc|x86.Deploy.0 = Release|Any CPU
		{CF37D2B0-4234-446E-812C-79A9CDF10A27}.AppStore|Any CPU.ActiveCfg = Release|Any CPU
		{CF37D2B0-4234-446E-812C-79A9CDF10A27}.AppStore|Any CPU.Build.0 = Release|Any CPU
		{CF37D2B0-4234-446E-812C-79A9CDF10A27}.AppStore|Any CPU.Deploy.0 = Release|Any CPU
		{CF37D2B0-4234-446E-812C-79A9CDF10A27}.AppStore|ARM.ActiveCfg = Release|Any CPU
		{CF37D2B0-4234-446E-812C-79A9CDF10A27}.AppStore|ARM.Build.0 = Release|Any CPU
		{CF37D2B0-4234-446E-812C-79A9CDF10A27}.AppStore|ARM.Deploy.0 = Release|Any CPU
		{CF37D2B0-4234-446E-812C-79A9CDF10A27}.AppStore|iPhone.ActiveCfg = Release|Any CPU
		{CF37D2B0-4234-446E-812C-79A9CDF10A27}.AppStore|iPhone.Build.0 = Release|Any CPU
		{CF37D2B0-4234-446E-812C-79A9CDF10A27}.AppStore|iPhone.Deploy.0 = Release|Any CPU
		{CF37D2B0-4234-446E-812C-79A9CDF10A27}.AppStore|iPhoneSimulator.ActiveCfg = Release|Any CPU
		{CF37D2B0-4234-446E-812C-79A9CDF10A27}.AppStore|iPhoneSimulator.Build.0 = Release|Any CPU
		{CF37D2B0-4234-446E-812C-79A9CDF10A27}.AppStore|iPhoneSimulator.Deploy.0 = Release|Any CPU
		{CF37D2B0-4234-446E-812C-79A9CDF10A27}.AppStore|x64.ActiveCfg = Release|Any CPU
		{CF37D2B0-4234-446E-812C-79A9CDF10A27}.AppStore|x64.Build.0 = Release|Any CPU
		{CF37D2B0-4234-446E-812C-79A9CDF10A27}.AppStore|x64.Deploy.0 = Release|Any CPU
		{CF37D2B0-4234-446E-812C-79A9CDF10A27}.AppStore|x86.ActiveCfg = Release|Any CPU
		{CF37D2B0-4234-446E-812C-79A9CDF10A27}.AppStore|x86.Build.0 = Release|Any CPU
		{CF37D2B0-4234-446E-812C-79A9CDF10A27}.AppStore|x86.Deploy.0 = Release|Any CPU
		{CF37D2B0-4234-446E-812C-79A9CDF10A27}.Debug|Any CPU.ActiveCfg = Debug|Any CPU
		{CF37D2B0-4234-446E-812C-79A9CDF10A27}.Debug|Any CPU.Build.0 = Debug|Any CPU
		{CF37D2B0-4234-446E-812C-79A9CDF10A27}.Debug|Any CPU.Deploy.0 = Debug|Any CPU
		{CF37D2B0-4234-446E-812C-79A9CDF10A27}.Debug|ARM.ActiveCfg = Debug|Any CPU
		{CF37D2B0-4234-446E-812C-79A9CDF10A27}.Debug|ARM.Build.0 = Debug|Any CPU
		{CF37D2B0-4234-446E-812C-79A9CDF10A27}.Debug|ARM.Deploy.0 = Debug|Any CPU
		{CF37D2B0-4234-446E-812C-79A9CDF10A27}.Debug|iPhone.ActiveCfg = Debug|Any CPU
		{CF37D2B0-4234-446E-812C-79A9CDF10A27}.Debug|iPhone.Build.0 = Debug|Any CPU
		{CF37D2B0-4234-446E-812C-79A9CDF10A27}.Debug|iPhone.Deploy.0 = Debug|Any CPU
		{CF37D2B0-4234-446E-812C-79A9CDF10A27}.Debug|iPhoneSimulator.ActiveCfg = Debug|Any CPU
		{CF37D2B0-4234-446E-812C-79A9CDF10A27}.Debug|iPhoneSimulator.Build.0 = Debug|Any CPU
		{CF37D2B0-4234-446E-812C-79A9CDF10A27}.Debug|iPhoneSimulator.Deploy.0 = Debug|Any CPU
		{CF37D2B0-4234-446E-812C-79A9CDF10A27}.Debug|x64.ActiveCfg = Debug|Any CPU
		{CF37D2B0-4234-446E-812C-79A9CDF10A27}.Debug|x64.Build.0 = Debug|Any CPU
		{CF37D2B0-4234-446E-812C-79A9CDF10A27}.Debug|x64.Deploy.0 = Debug|Any CPU
		{CF37D2B0-4234-446E-812C-79A9CDF10A27}.Debug|x86.ActiveCfg = Debug|Any CPU
		{CF37D2B0-4234-446E-812C-79A9CDF10A27}.Debug|x86.Build.0 = Debug|Any CPU
		{CF37D2B0-4234-446E-812C-79A9CDF10A27}.Debug|x86.Deploy.0 = Debug|Any CPU
		{CF37D2B0-4234-446E-812C-79A9CDF10A27}.Release|Any CPU.ActiveCfg = Release|Any CPU
		{CF37D2B0-4234-446E-812C-79A9CDF10A27}.Release|Any CPU.Build.0 = Release|Any CPU
		{CF37D2B0-4234-446E-812C-79A9CDF10A27}.Release|Any CPU.Deploy.0 = Release|Any CPU
		{CF37D2B0-4234-446E-812C-79A9CDF10A27}.Release|ARM.ActiveCfg = Release|Any CPU
		{CF37D2B0-4234-446E-812C-79A9CDF10A27}.Release|ARM.Build.0 = Release|Any CPU
		{CF37D2B0-4234-446E-812C-79A9CDF10A27}.Release|ARM.Deploy.0 = Release|Any CPU
		{CF37D2B0-4234-446E-812C-79A9CDF10A27}.Release|iPhone.ActiveCfg = Release|Any CPU
		{CF37D2B0-4234-446E-812C-79A9CDF10A27}.Release|iPhone.Build.0 = Release|Any CPU
		{CF37D2B0-4234-446E-812C-79A9CDF10A27}.Release|iPhone.Deploy.0 = Release|Any CPU
		{CF37D2B0-4234-446E-812C-79A9CDF10A27}.Release|iPhoneSimulator.ActiveCfg = Release|Any CPU
		{CF37D2B0-4234-446E-812C-79A9CDF10A27}.Release|iPhoneSimulator.Build.0 = Release|Any CPU
		{CF37D2B0-4234-446E-812C-79A9CDF10A27}.Release|iPhoneSimulator.Deploy.0 = Release|Any CPU
		{CF37D2B0-4234-446E-812C-79A9CDF10A27}.Release|x64.ActiveCfg = Release|Any CPU
		{CF37D2B0-4234-446E-812C-79A9CDF10A27}.Release|x64.Build.0 = Release|Any CPU
		{CF37D2B0-4234-446E-812C-79A9CDF10A27}.Release|x64.Deploy.0 = Release|Any CPU
		{CF37D2B0-4234-446E-812C-79A9CDF10A27}.Release|x86.ActiveCfg = Release|Any CPU
		{CF37D2B0-4234-446E-812C-79A9CDF10A27}.Release|x86.Build.0 = Release|Any CPU
		{CF37D2B0-4234-446E-812C-79A9CDF10A27}.Release|x86.Deploy.0 = Release|Any CPU
		{1002669B-0100-47DD-B5A6-D936BA566035}.Ad-Hoc|Any CPU.ActiveCfg = Release|Any CPU
		{1002669B-0100-47DD-B5A6-D936BA566035}.Ad-Hoc|Any CPU.Build.0 = Release|Any CPU
		{1002669B-0100-47DD-B5A6-D936BA566035}.Ad-Hoc|ARM.ActiveCfg = Release|Any CPU
		{1002669B-0100-47DD-B5A6-D936BA566035}.Ad-Hoc|ARM.Build.0 = Release|Any CPU
		{1002669B-0100-47DD-B5A6-D936BA566035}.Ad-Hoc|iPhone.ActiveCfg = Release|Any CPU
		{1002669B-0100-47DD-B5A6-D936BA566035}.Ad-Hoc|iPhone.Build.0 = Release|Any CPU
		{1002669B-0100-47DD-B5A6-D936BA566035}.Ad-Hoc|iPhoneSimulator.ActiveCfg = Release|Any CPU
		{1002669B-0100-47DD-B5A6-D936BA566035}.Ad-Hoc|iPhoneSimulator.Build.0 = Release|Any CPU
		{1002669B-0100-47DD-B5A6-D936BA566035}.Ad-Hoc|x64.ActiveCfg = Release|Any CPU
		{1002669B-0100-47DD-B5A6-D936BA566035}.Ad-Hoc|x64.Build.0 = Release|Any CPU
		{1002669B-0100-47DD-B5A6-D936BA566035}.Ad-Hoc|x86.ActiveCfg = Release|Any CPU
		{1002669B-0100-47DD-B5A6-D936BA566035}.Ad-Hoc|x86.Build.0 = Release|Any CPU
		{1002669B-0100-47DD-B5A6-D936BA566035}.AppStore|Any CPU.ActiveCfg = Release|Any CPU
		{1002669B-0100-47DD-B5A6-D936BA566035}.AppStore|Any CPU.Build.0 = Release|Any CPU
		{1002669B-0100-47DD-B5A6-D936BA566035}.AppStore|ARM.ActiveCfg = Release|Any CPU
		{1002669B-0100-47DD-B5A6-D936BA566035}.AppStore|ARM.Build.0 = Release|Any CPU
		{1002669B-0100-47DD-B5A6-D936BA566035}.AppStore|iPhone.ActiveCfg = Release|Any CPU
		{1002669B-0100-47DD-B5A6-D936BA566035}.AppStore|iPhone.Build.0 = Release|Any CPU
		{1002669B-0100-47DD-B5A6-D936BA566035}.AppStore|iPhoneSimulator.ActiveCfg = Release|Any CPU
		{1002669B-0100-47DD-B5A6-D936BA566035}.AppStore|iPhoneSimulator.Build.0 = Release|Any CPU
		{1002669B-0100-47DD-B5A6-D936BA566035}.AppStore|x64.ActiveCfg = Release|Any CPU
		{1002669B-0100-47DD-B5A6-D936BA566035}.AppStore|x64.Build.0 = Release|Any CPU
		{1002669B-0100-47DD-B5A6-D936BA566035}.AppStore|x86.ActiveCfg = Release|Any CPU
		{1002669B-0100-47DD-B5A6-D936BA566035}.AppStore|x86.Build.0 = Release|Any CPU
		{1002669B-0100-47DD-B5A6-D936BA566035}.Debug|Any CPU.ActiveCfg = Debug|Any CPU
		{1002669B-0100-47DD-B5A6-D936BA566035}.Debug|Any CPU.Build.0 = Debug|Any CPU
		{1002669B-0100-47DD-B5A6-D936BA566035}.Debug|ARM.ActiveCfg = Debug|Any CPU
		{1002669B-0100-47DD-B5A6-D936BA566035}.Debug|ARM.Build.0 = Debug|Any CPU
		{1002669B-0100-47DD-B5A6-D936BA566035}.Debug|iPhone.ActiveCfg = Debug|Any CPU
		{1002669B-0100-47DD-B5A6-D936BA566035}.Debug|iPhone.Build.0 = Debug|Any CPU
		{1002669B-0100-47DD-B5A6-D936BA566035}.Debug|iPhoneSimulator.ActiveCfg = Debug|Any CPU
		{1002669B-0100-47DD-B5A6-D936BA566035}.Debug|iPhoneSimulator.Build.0 = Debug|Any CPU
		{1002669B-0100-47DD-B5A6-D936BA566035}.Debug|x64.ActiveCfg = Debug|Any CPU
		{1002669B-0100-47DD-B5A6-D936BA566035}.Debug|x64.Build.0 = Debug|Any CPU
		{1002669B-0100-47DD-B5A6-D936BA566035}.Debug|x86.ActiveCfg = Debug|Any CPU
		{1002669B-0100-47DD-B5A6-D936BA566035}.Debug|x86.Build.0 = Debug|Any CPU
		{1002669B-0100-47DD-B5A6-D936BA566035}.Release|Any CPU.ActiveCfg = Release|Any CPU
		{1002669B-0100-47DD-B5A6-D936BA566035}.Release|Any CPU.Build.0 = Release|Any CPU
		{1002669B-0100-47DD-B5A6-D936BA566035}.Release|ARM.ActiveCfg = Release|Any CPU
		{1002669B-0100-47DD-B5A6-D936BA566035}.Release|ARM.Build.0 = Release|Any CPU
		{1002669B-0100-47DD-B5A6-D936BA566035}.Release|iPhone.ActiveCfg = Release|Any CPU
		{1002669B-0100-47DD-B5A6-D936BA566035}.Release|iPhone.Build.0 = Release|Any CPU
		{1002669B-0100-47DD-B5A6-D936BA566035}.Release|iPhoneSimulator.ActiveCfg = Release|Any CPU
		{1002669B-0100-47DD-B5A6-D936BA566035}.Release|iPhoneSimulator.Build.0 = Release|Any CPU
		{1002669B-0100-47DD-B5A6-D936BA566035}.Release|x64.ActiveCfg = Release|Any CPU
		{1002669B-0100-47DD-B5A6-D936BA566035}.Release|x64.Build.0 = Release|Any CPU
		{1002669B-0100-47DD-B5A6-D936BA566035}.Release|x86.ActiveCfg = Release|Any CPU
		{1002669B-0100-47DD-B5A6-D936BA566035}.Release|x86.Build.0 = Release|Any CPU
		{EDA51C3E-792D-4330-BBB0-75270FDC8CE4}.Ad-Hoc|Any CPU.ActiveCfg = Release|x86
		{EDA51C3E-792D-4330-BBB0-75270FDC8CE4}.Ad-Hoc|Any CPU.Build.0 = Release|x86
		{EDA51C3E-792D-4330-BBB0-75270FDC8CE4}.Ad-Hoc|Any CPU.Deploy.0 = Release|x86
		{EDA51C3E-792D-4330-BBB0-75270FDC8CE4}.Ad-Hoc|ARM.ActiveCfg = Release|ARM
		{EDA51C3E-792D-4330-BBB0-75270FDC8CE4}.Ad-Hoc|ARM.Build.0 = Release|ARM
		{EDA51C3E-792D-4330-BBB0-75270FDC8CE4}.Ad-Hoc|ARM.Deploy.0 = Release|ARM
		{EDA51C3E-792D-4330-BBB0-75270FDC8CE4}.Ad-Hoc|iPhone.ActiveCfg = Release|x86
		{EDA51C3E-792D-4330-BBB0-75270FDC8CE4}.Ad-Hoc|iPhone.Build.0 = Release|x86
		{EDA51C3E-792D-4330-BBB0-75270FDC8CE4}.Ad-Hoc|iPhone.Deploy.0 = Release|x86
		{EDA51C3E-792D-4330-BBB0-75270FDC8CE4}.Ad-Hoc|iPhoneSimulator.ActiveCfg = Release|x86
		{EDA51C3E-792D-4330-BBB0-75270FDC8CE4}.Ad-Hoc|iPhoneSimulator.Build.0 = Release|x86
		{EDA51C3E-792D-4330-BBB0-75270FDC8CE4}.Ad-Hoc|iPhoneSimulator.Deploy.0 = Release|x86
		{EDA51C3E-792D-4330-BBB0-75270FDC8CE4}.Ad-Hoc|x64.ActiveCfg = Release|x64
		{EDA51C3E-792D-4330-BBB0-75270FDC8CE4}.Ad-Hoc|x64.Build.0 = Release|x64
		{EDA51C3E-792D-4330-BBB0-75270FDC8CE4}.Ad-Hoc|x64.Deploy.0 = Release|x64
		{EDA51C3E-792D-4330-BBB0-75270FDC8CE4}.Ad-Hoc|x86.ActiveCfg = Release|x86
		{EDA51C3E-792D-4330-BBB0-75270FDC8CE4}.Ad-Hoc|x86.Build.0 = Release|x86
		{EDA51C3E-792D-4330-BBB0-75270FDC8CE4}.Ad-Hoc|x86.Deploy.0 = Release|x86
		{EDA51C3E-792D-4330-BBB0-75270FDC8CE4}.AppStore|Any CPU.ActiveCfg = Release|x86
		{EDA51C3E-792D-4330-BBB0-75270FDC8CE4}.AppStore|Any CPU.Build.0 = Release|x86
		{EDA51C3E-792D-4330-BBB0-75270FDC8CE4}.AppStore|Any CPU.Deploy.0 = Release|x86
		{EDA51C3E-792D-4330-BBB0-75270FDC8CE4}.AppStore|ARM.ActiveCfg = Release|ARM
		{EDA51C3E-792D-4330-BBB0-75270FDC8CE4}.AppStore|ARM.Build.0 = Release|ARM
		{EDA51C3E-792D-4330-BBB0-75270FDC8CE4}.AppStore|ARM.Deploy.0 = Release|ARM
		{EDA51C3E-792D-4330-BBB0-75270FDC8CE4}.AppStore|iPhone.ActiveCfg = Release|x86
		{EDA51C3E-792D-4330-BBB0-75270FDC8CE4}.AppStore|iPhone.Build.0 = Release|x86
		{EDA51C3E-792D-4330-BBB0-75270FDC8CE4}.AppStore|iPhone.Deploy.0 = Release|x86
		{EDA51C3E-792D-4330-BBB0-75270FDC8CE4}.AppStore|iPhoneSimulator.ActiveCfg = Release|x86
		{EDA51C3E-792D-4330-BBB0-75270FDC8CE4}.AppStore|iPhoneSimulator.Build.0 = Release|x86
		{EDA51C3E-792D-4330-BBB0-75270FDC8CE4}.AppStore|iPhoneSimulator.Deploy.0 = Release|x86
		{EDA51C3E-792D-4330-BBB0-75270FDC8CE4}.AppStore|x64.ActiveCfg = Release|x64
		{EDA51C3E-792D-4330-BBB0-75270FDC8CE4}.AppStore|x64.Build.0 = Release|x64
		{EDA51C3E-792D-4330-BBB0-75270FDC8CE4}.AppStore|x64.Deploy.0 = Release|x64
		{EDA51C3E-792D-4330-BBB0-75270FDC8CE4}.AppStore|x86.ActiveCfg = Release|x86
		{EDA51C3E-792D-4330-BBB0-75270FDC8CE4}.AppStore|x86.Build.0 = Release|x86
		{EDA51C3E-792D-4330-BBB0-75270FDC8CE4}.AppStore|x86.Deploy.0 = Release|x86
		{EDA51C3E-792D-4330-BBB0-75270FDC8CE4}.Debug|Any CPU.ActiveCfg = Debug|x86
		{EDA51C3E-792D-4330-BBB0-75270FDC8CE4}.Debug|ARM.ActiveCfg = Debug|ARM
		{EDA51C3E-792D-4330-BBB0-75270FDC8CE4}.Debug|ARM.Build.0 = Debug|ARM
		{EDA51C3E-792D-4330-BBB0-75270FDC8CE4}.Debug|ARM.Deploy.0 = Debug|ARM
		{EDA51C3E-792D-4330-BBB0-75270FDC8CE4}.Debug|iPhone.ActiveCfg = Debug|x86
		{EDA51C3E-792D-4330-BBB0-75270FDC8CE4}.Debug|iPhoneSimulator.ActiveCfg = Debug|x86
		{EDA51C3E-792D-4330-BBB0-75270FDC8CE4}.Debug|x64.ActiveCfg = Debug|x64
		{EDA51C3E-792D-4330-BBB0-75270FDC8CE4}.Debug|x64.Build.0 = Debug|x64
		{EDA51C3E-792D-4330-BBB0-75270FDC8CE4}.Debug|x64.Deploy.0 = Debug|x64
		{EDA51C3E-792D-4330-BBB0-75270FDC8CE4}.Debug|x86.ActiveCfg = Debug|x86
		{EDA51C3E-792D-4330-BBB0-75270FDC8CE4}.Debug|x86.Build.0 = Debug|x86
		{EDA51C3E-792D-4330-BBB0-75270FDC8CE4}.Debug|x86.Deploy.0 = Debug|x86
		{EDA51C3E-792D-4330-BBB0-75270FDC8CE4}.Release|Any CPU.ActiveCfg = Release|x86
		{EDA51C3E-792D-4330-BBB0-75270FDC8CE4}.Release|ARM.ActiveCfg = Release|ARM
		{EDA51C3E-792D-4330-BBB0-75270FDC8CE4}.Release|ARM.Build.0 = Release|ARM
		{EDA51C3E-792D-4330-BBB0-75270FDC8CE4}.Release|ARM.Deploy.0 = Release|ARM
		{EDA51C3E-792D-4330-BBB0-75270FDC8CE4}.Release|iPhone.ActiveCfg = Release|x86
		{EDA51C3E-792D-4330-BBB0-75270FDC8CE4}.Release|iPhoneSimulator.ActiveCfg = Release|x86
		{EDA51C3E-792D-4330-BBB0-75270FDC8CE4}.Release|x64.ActiveCfg = Release|x64
		{EDA51C3E-792D-4330-BBB0-75270FDC8CE4}.Release|x64.Build.0 = Release|x64
		{EDA51C3E-792D-4330-BBB0-75270FDC8CE4}.Release|x64.Deploy.0 = Release|x64
		{EDA51C3E-792D-4330-BBB0-75270FDC8CE4}.Release|x86.ActiveCfg = Release|x86
		{EDA51C3E-792D-4330-BBB0-75270FDC8CE4}.Release|x86.Build.0 = Release|x86
		{EDA51C3E-792D-4330-BBB0-75270FDC8CE4}.Release|x86.Deploy.0 = Release|x86
		{8BCCA3B9-4164-4743-93E6-BC568DC8B6ED}.Ad-Hoc|Any CPU.ActiveCfg = Ad-Hoc|iPhone
		{8BCCA3B9-4164-4743-93E6-BC568DC8B6ED}.Ad-Hoc|ARM.ActiveCfg = Ad-Hoc|iPhone
		{8BCCA3B9-4164-4743-93E6-BC568DC8B6ED}.Ad-Hoc|iPhone.ActiveCfg = Ad-Hoc|iPhone
		{8BCCA3B9-4164-4743-93E6-BC568DC8B6ED}.Ad-Hoc|iPhone.Build.0 = Ad-Hoc|iPhone
		{8BCCA3B9-4164-4743-93E6-BC568DC8B6ED}.Ad-Hoc|iPhoneSimulator.ActiveCfg = Ad-Hoc|iPhoneSimulator
		{8BCCA3B9-4164-4743-93E6-BC568DC8B6ED}.Ad-Hoc|iPhoneSimulator.Build.0 = Ad-Hoc|iPhoneSimulator
		{8BCCA3B9-4164-4743-93E6-BC568DC8B6ED}.Ad-Hoc|x64.ActiveCfg = Ad-Hoc|iPhone
		{8BCCA3B9-4164-4743-93E6-BC568DC8B6ED}.Ad-Hoc|x86.ActiveCfg = Ad-Hoc|iPhone
		{8BCCA3B9-4164-4743-93E6-BC568DC8B6ED}.AppStore|Any CPU.ActiveCfg = AppStore|iPhone
		{8BCCA3B9-4164-4743-93E6-BC568DC8B6ED}.AppStore|ARM.ActiveCfg = AppStore|iPhone
		{8BCCA3B9-4164-4743-93E6-BC568DC8B6ED}.AppStore|iPhone.ActiveCfg = AppStore|iPhone
		{8BCCA3B9-4164-4743-93E6-BC568DC8B6ED}.AppStore|iPhone.Build.0 = AppStore|iPhone
		{8BCCA3B9-4164-4743-93E6-BC568DC8B6ED}.AppStore|iPhoneSimulator.ActiveCfg = AppStore|iPhoneSimulator
		{8BCCA3B9-4164-4743-93E6-BC568DC8B6ED}.AppStore|iPhoneSimulator.Build.0 = AppStore|iPhoneSimulator
		{8BCCA3B9-4164-4743-93E6-BC568DC8B6ED}.AppStore|x64.ActiveCfg = AppStore|iPhone
		{8BCCA3B9-4164-4743-93E6-BC568DC8B6ED}.AppStore|x86.ActiveCfg = AppStore|iPhone
		{8BCCA3B9-4164-4743-93E6-BC568DC8B6ED}.Debug|Any CPU.ActiveCfg = Debug|iPhone
		{8BCCA3B9-4164-4743-93E6-BC568DC8B6ED}.Debug|ARM.ActiveCfg = Debug|iPhone
		{8BCCA3B9-4164-4743-93E6-BC568DC8B6ED}.Debug|iPhone.ActiveCfg = Debug|iPhone
		{8BCCA3B9-4164-4743-93E6-BC568DC8B6ED}.Debug|iPhone.Build.0 = Debug|iPhone
		{8BCCA3B9-4164-4743-93E6-BC568DC8B6ED}.Debug|iPhoneSimulator.ActiveCfg = Debug|iPhoneSimulator
		{8BCCA3B9-4164-4743-93E6-BC568DC8B6ED}.Debug|iPhoneSimulator.Build.0 = Debug|iPhoneSimulator
		{8BCCA3B9-4164-4743-93E6-BC568DC8B6ED}.Debug|x64.ActiveCfg = Debug|iPhone
		{8BCCA3B9-4164-4743-93E6-BC568DC8B6ED}.Debug|x86.ActiveCfg = Debug|iPhone
		{8BCCA3B9-4164-4743-93E6-BC568DC8B6ED}.Release|Any CPU.ActiveCfg = Release|iPhone
		{8BCCA3B9-4164-4743-93E6-BC568DC8B6ED}.Release|ARM.ActiveCfg = Release|iPhone
		{8BCCA3B9-4164-4743-93E6-BC568DC8B6ED}.Release|iPhone.ActiveCfg = Release|iPhone
		{8BCCA3B9-4164-4743-93E6-BC568DC8B6ED}.Release|iPhone.Build.0 = Release|iPhone
		{8BCCA3B9-4164-4743-93E6-BC568DC8B6ED}.Release|iPhoneSimulator.ActiveCfg = Release|iPhoneSimulator
		{8BCCA3B9-4164-4743-93E6-BC568DC8B6ED}.Release|iPhoneSimulator.Build.0 = Release|iPhoneSimulator
		{8BCCA3B9-4164-4743-93E6-BC568DC8B6ED}.Release|x64.ActiveCfg = Release|iPhone
		{8BCCA3B9-4164-4743-93E6-BC568DC8B6ED}.Release|x86.ActiveCfg = Release|iPhone
	EndGlobalSection
	GlobalSection(SolutionProperties) = preSolution
		HideSolutionNode = FALSE
	EndGlobalSection
EndGlobal
